
Microsoft Visual Studio Solution File, Format Version 12.00
# Visual Studio Version 17
VisualStudioVersion = 17.4.33213.308
MinimumVisualStudioVersion = 10.0.40219.1
Project("{FAE04EC0-301F-11D3-BF4B-00C04F79EFBC}") = "WolHubServer", "WolHubServer.csproj", "{0F6D3F78-C0C6-4DFF-BD3C-708F7BF44E32}"
EndProject
Global
	GlobalSection(SolutionConfigurationPlatforms) = preSolution
		Debug|Any CPU = Debug|Any CPU
		Release|Any CPU = Release|Any CPU
	EndGlobalSection
	GlobalSection(ProjectConfigurationPlatforms) = postSolution
		{0F6D3F78-C0C6-4DFF-BD3C-708F7BF44E32}.Debug|Any CPU.ActiveCfg = Debug|Any CPU
		{0F6D3F78-C0C6-4DFF-BD3C-708F7BF44E32}.Debug|Any CPU.Build.0 = Debug|Any CPU
		{0F6D3F78-C0C6-4DFF-BD3C-708F7BF44E32}.Release|Any CPU.ActiveCfg = Release|Any CPU
		{0F6D3F78-C0C6-4DFF-BD3C-708F7BF44E32}.Release|Any CPU.Build.0 = Release|Any CPU
	EndGlobalSection
	GlobalSection(SolutionProperties) = preSolution
		HideSolutionNode = FALSE
	EndGlobalSection
	GlobalSection(ExtensibilityGlobals) = postSolution
		SolutionGuid = {35724721-EEA6-4288-BC68-232B5F2F42C4}
	EndGlobalSection
EndGlobal
